
Microsoft Visual Studio Solution File, Format Version 12.00
# Visual Studio Version 17
VisualStudioVersion = 17.0.32112.339
MinimumVisualStudioVersion = 10.0.40219.1
Project("{FAE04EC0-301F-11D3-BF4B-00C04F79EFBC}") = "ETS", "ETS.csproj", "{B52A8865-E630-4E48-89D5-0A6ECC23C706}"
EndProject
Global
	GlobalSection(SolutionConfigurationPlatforms) = preSolution
		Debug|Any CPU = Debug|Any CPU
		Release|Any CPU = Release|Any CPU
	EndGlobalSection
	GlobalSection(ProjectConfigurationPlatforms) = postSolution
		{B52A8865-E630-4E48-89D5-0A6ECC23C706}.Debug|Any CPU.ActiveCfg = Debug|Any CPU
		{B52A8865-E630-4E48-89D5-0A6ECC23C706}.Debug|Any CPU.Build.0 = Debug|Any CPU
		{B52A8865-E630-4E48-89D5-0A6ECC23C706}.Release|Any CPU.ActiveCfg = Release|Any CPU
		{B52A8865-E630-4E48-89D5-0A6ECC23C706}.Release|Any CPU.Build.0 = Release|Any CPU
	EndGlobalSection
	GlobalSection(SolutionProperties) = preSolution
		HideSolutionNode = FALSE
	EndGlobalSection
	GlobalSection(ExtensibilityGlobals) = postSolution
		SolutionGuid = {B013E96A-9E3C-40C3-80F3-0BEECE091642}
	EndGlobalSection
EndGlobal
